
Microsoft Visual Studio Solution File, Format Version 12.00
# Visual Studio Version 16
VisualStudioVersion = 16.0.30413.136
MinimumVisualStudioVersion = 10.0.40219.1
Project("{FAE04EC0-301F-11D3-BF4B-00C04F79EFBC}") = "Playground_Application", "Playground_Application.csproj", "{7A60EAD9-B2DB-41EC-8281-8B9361968D04}"
EndProject
Global
	GlobalSection(SolutionConfigurationPlatforms) = preSolution
		Debug|Any CPU = Debug|Any CPU
		Release|Any CPU = Release|Any CPU
	EndGlobalSection
	GlobalSection(ProjectConfigurationPlatforms) = postSolution
		{7A60EAD9-B2DB-41EC-8281-8B9361968D04}.Debug|Any CPU.ActiveCfg = Debug|Any CPU
		{7A60EAD9-B2DB-41EC-8281-8B9361968D04}.Debug|Any CPU.Build.0 = Debug|Any CPU
		{7A60EAD9-B2DB-41EC-8281-8B9361968D04}.Release|Any CPU.ActiveCfg = Release|Any CPU
		{7A60EAD9-B2DB-41EC-8281-8B9361968D04}.Release|Any CPU.Build.0 = Release|Any CPU
	EndGlobalSection
	GlobalSection(SolutionProperties) = preSolution
		HideSolutionNode = FALSE
	EndGlobalSection
	GlobalSection(ExtensibilityGlobals) = postSolution
		SolutionGuid = {0C562524-1787-402C-AD4D-A2031B95588A}
	EndGlobalSection
EndGlobal
